
Microsoft Visual Studio Solution File, Format Version 12.00
# Visual Studio Version 16
VisualStudioVersion = 16.0.31112.23
MinimumVisualStudioVersion = 10.0.40219.1
Project("{9A19103F-16F7-4668-BE54-9A1E7A4F7556}") = "System.Units", "System.Units\System.Units.csproj", "{6ABCAF81-F72A-474F-958A-2BCA6A574381}"
EndProject
Project("{9A19103F-16F7-4668-BE54-9A1E7A4F7556}") = "System.Units.CodeGeneration", "System.Units.CodeGeneration\System.Units.CodeGeneration.csproj", "{14417946-C3E5-4FEF-8372-44437D0F733A}"
EndProject
Global
	GlobalSection(SolutionConfigurationPlatforms) = preSolution
		Debug|Any CPU = Debug|Any CPU
		Release|Any CPU = Release|Any CPU
	EndGlobalSection
	GlobalSection(ProjectConfigurationPlatforms) = postSolution
		{6ABCAF81-F72A-474F-958A-2BCA6A574381}.Debug|Any CPU.ActiveCfg = Debug|Any CPU
		{6ABCAF81-F72A-474F-958A-2BCA6A574381}.Debug|Any CPU.Build.0 = Debug|Any CPU
		{6ABCAF81-F72A-474F-958A-2BCA6A574381}.Release|Any CPU.ActiveCfg = Release|Any CPU
		{6ABCAF81-F72A-474F-958A-2BCA6A574381}.Release|Any CPU.Build.0 = Release|Any CPU
		{14417946-C3E5-4FEF-8372-44437D0F733A}.Debug|Any CPU.ActiveCfg = Debug|Any CPU
		{14417946-C3E5-4FEF-8372-44437D0F733A}.Debug|Any CPU.Build.0 = Debug|Any CPU
		{14417946-C3E5-4FEF-8372-44437D0F733A}.Release|Any CPU.ActiveCfg = Release|Any CPU
		{14417946-C3E5-4FEF-8372-44437D0F733A}.Release|Any CPU.Build.0 = Release|Any CPU
	EndGlobalSection
	GlobalSection(SolutionProperties) = preSolution
		HideSolutionNode = FALSE
	EndGlobalSection
	GlobalSection(ExtensibilityGlobals) = postSolution
		SolutionGuid = {3E01D5DC-A9AE-4119-B977-B86989561476}
	EndGlobalSection
EndGlobal
